{
  "requires": true,
  "lockfileVersion": 1,
  "dependencies": {
    "autobind-decorator": {
      "version": "2.4.0",
      "resolved": "https://registry.npmjs.org/autobind-decorator/-/autobind-decorator-2.4.0.tgz",
      "integrity": "sha512-OGYhWUO72V6DafbF8PM8rm3EPbfuyMZcJhtm5/n26IDwO18pohE4eNazLoCGhPiXOCD0gEGmrbU3849QvM8bbw=="
    },
    "html5shiv": {
      "version": "3.7.3",
      "resolved": "https://registry.npmjs.org/html5shiv/-/html5shiv-3.7.3.tgz",
      "integrity": "sha1-14qEo2e8uacQEA1XgCw4ewhGMdI="
    },
    "jodit": {
      "version": "3.6.18",
      "resolved": "https://registry.npmjs.org/jodit/-/jodit-3.6.18.tgz",
      "integrity": "sha512-DGjH9bcQyFtfQz724C0jC/R+5AOd5kiRvO9K9io5a8bUWE8dERGLmdJAgQ41Gj1dUB0Umtbno7G2Yg4uEKFaqg==",
      "requires": {
        "autobind-decorator": "^2.4.0"
      }
    },
    "jquery": {
      "version": "3.5.1",
      "resolved": "https://registry.npmjs.org/jquery/-/jquery-3.5.1.tgz",
      "integrity": "sha512-XwIBPqcMn57FxfT+Go5pzySnm4KWkT1Tv7gjrpT1srtf8Weynl6R273VJ5GjkRb51IzMp5nbaPjJXMWeju2MKg=="
    },
    "jquery-fontspy": {
      "version": "3.0.0",
      "resolved": "https://registry.npmjs.org/jquery-fontspy/-/jquery-fontspy-3.0.0.tgz",
      "integrity": "sha512-7yqlRy1LFVd9LTgme5ZFBMYhJ+8x3EUMV5Zy1QUYQIrVhQu4IuowqT/c7cH+9QbxVYBOLUL4DR1xohqy/WAJlA==",
      "requires": {
        "jquery": "^3.3.1"
      }
    },
    "jquery-ui-dist": {
      "version": "1.12.1",
      "resolved": "https://registry.npmjs.org/jquery-ui-dist/-/jquery-ui-dist-1.12.1.tgz",
      "integrity": "sha1-XAgV08xvkP9fqvWyaKbiO0ypBPo="
    },
    "jquery.formset": {
      "version": "1.3.0",
      "resolved": "https://registry.npmjs.org/jquery.formset/-/jquery.formset-1.3.0.tgz",
      "integrity": "sha1-hocXZ/rmmG26cMJI1E1exahXS/U="
    },
    "select2": {
      "version": "4.0.13",
      "resolved": "https://registry.npmjs.org/select2/-/select2-4.0.13.tgz",
      "integrity": "sha512-1JeB87s6oN/TDxQQYCvS5EFoQyvV6eYMZZ0AeA4tdFDYWN3BAGZ8npr17UBFddU0lgAt3H0yjX3X6/ekOj1yjw=="
    },
    "sticky-kit": {
      "version": "1.1.3",
      "resolved": "https://registry.npmjs.org/sticky-kit/-/sticky-kit-1.1.3.tgz",
      "integrity": "sha1-2rWs5JtGLPbUlpsdWOY5/AE3dXA="
    }
  }
}
