{
  "name": "code",
  "lockfileVersion": 3,
  "requires": true,
  "packages": {
    "": {
      "dependencies": {
        "html5shiv": "^3.7.3",
        "jodit": "^3.24.4",
        "jquery": "^3.7.1",
        "jquery-fontspy": "^3.0.0",
        "jquery-ui-dist": "^1.13.2",
        "jquery.formset": "^1.3.0",
        "select2": "^4.0.13",
        "sticky-kit": "^1.1.3"
      }
    },
    "node_modules/autobind-decorator": {
      "version": "2.4.0",
      "resolved": "https://registry.npmjs.org/autobind-decorator/-/autobind-decorator-2.4.0.tgz",
      "integrity": "sha512-OGYhWUO72V6DafbF8PM8rm3EPbfuyMZcJhtm5/n26IDwO18pohE4eNazLoCGhPiXOCD0gEGmrbU3849QvM8bbw==",
      "engines": {
        "node": ">=8.10",
        "npm": ">=6.4.1"
      }
    },
    "node_modules/core-js": {
      "version": "3.35.0",
      "resolved": "https://registry.npmjs.org/core-js/-/core-js-3.35.0.tgz",
      "integrity": "sha512-ntakECeqg81KqMueeGJ79Q5ZgQNR+6eaE8sxGCx62zMbAIj65q+uYvatToew3m6eAGdU4gNZwpZ34NMe4GYswg==",
      "hasInstallScript": true,
      "funding": {
        "type": "opencollective",
        "url": "https://opencollective.com/core-js"
      }
    },
    "node_modules/html5shiv": {
      "version": "3.7.3",
      "resolved": "https://registry.npmjs.org/html5shiv/-/html5shiv-3.7.3.tgz",
      "integrity": "sha512-SZwGvLGNtgp8GbgFX7oXEp8OR1aBt5LliX6dG0kdD1kl3KhMonN0QcSa/A3TsTgFewaGCbIryQunjayWDXzxmw=="
    },
    "node_modules/jodit": {
      "version": "3.24.9",
      "resolved": "https://registry.npmjs.org/jodit/-/jodit-3.24.9.tgz",
      "integrity": "sha512-t2d73v7GFbGI08ZzdCTwrzi8ZtoOG4icGzD6IIN2e+ghlpUKYxcHZ/Rmy6/mc6055172z+tv7QSr9BcOz6IOFQ==",
      "dependencies": {
        "autobind-decorator": "^2.4.0",
        "core-js": "^3.28.0"
      }
    },
    "node_modules/jquery": {
      "version": "3.7.1",
      "resolved": "https://registry.npmjs.org/jquery/-/jquery-3.7.1.tgz",
      "integrity": "sha512-m4avr8yL8kmFN8psrbFFFmB/If14iN5o9nw/NgnnM+kybDJpRsAynV2BsfpTYrTRysYUdADVD7CkUUizgkpLfg=="
    },
    "node_modules/jquery-fontspy": {
      "version": "3.0.0",
      "resolved": "https://registry.npmjs.org/jquery-fontspy/-/jquery-fontspy-3.0.0.tgz",
      "integrity": "sha512-7yqlRy1LFVd9LTgme5ZFBMYhJ+8x3EUMV5Zy1QUYQIrVhQu4IuowqT/c7cH+9QbxVYBOLUL4DR1xohqy/WAJlA==",
      "dependencies": {
        "jquery": "^3.3.1"
      }
    },
    "node_modules/jquery-ui-dist": {
      "version": "1.13.2",
      "resolved": "https://registry.npmjs.org/jquery-ui-dist/-/jquery-ui-dist-1.13.2.tgz",
      "integrity": "sha512-oVDRd1NLtTbBwpRKAYdIRgpWVDzeBhfy7Gu0RmY6JEaZtmBq6kDn1pm5SgDiAotrnDS+RoTRXO6xvcNTxA9tOA==",
      "dependencies": {
        "jquery": ">=1.8.0 <4.0.0"
      }
    },
    "node_modules/jquery.formset": {
      "version": "1.3.0",
      "resolved": "https://registry.npmjs.org/jquery.formset/-/jquery.formset-1.3.0.tgz",
      "integrity": "sha512-vPiTnB3PYCdeerfzPC5Vmx0GW9eTQm17olxaBlFU8ICUmCGl2VkxA7DPeQAnqXvApjpuh+tcD8/1cbd9Yeukkw==",
      "engines": {
        "node": ">=0.10"
      }
    },
    "node_modules/select2": {
      "version": "4.0.13",
      "resolved": "https://registry.npmjs.org/select2/-/select2-4.0.13.tgz",
      "integrity": "sha512-1JeB87s6oN/TDxQQYCvS5EFoQyvV6eYMZZ0AeA4tdFDYWN3BAGZ8npr17UBFddU0lgAt3H0yjX3X6/ekOj1yjw=="
    },
    "node_modules/sticky-kit": {
      "version": "1.1.3",
      "resolved": "https://registry.npmjs.org/sticky-kit/-/sticky-kit-1.1.3.tgz",
      "integrity": "sha512-3TTTqSvKP/wfgXuEY444fwN5w1jsN35PIh1yIg2/1vCNmKJh+PRAXUhvSnZqjddOq86WtpL9slNm+BcEXBrteA=="
    }
  }
}
